
Microsoft Visual Studio Solution File, Format Version 12.00
# Visual Studio Version 17
VisualStudioVersion = 17.8.34511.84
MinimumVisualStudioVersion = 10.0.40219.1
Project("{8BC9CEB8-8B4A-11D0-8D11-00A0C91BC942}") = "1915D", "1915D.vcxproj", "{9795A154-784D-4893-A045-EB6FE67EED17}"
EndProject
Global
	GlobalSection(SolutionConfigurationPlatforms) = preSolution
		Debug|x64 = Debug|x64
		Debug|x86 = Debug|x86
		Release|x64 = Release|x64
		Release|x86 = Release|x86
	EndGlobalSection
	GlobalSection(ProjectConfigurationPlatforms) = postSolution
		{9795A154-784D-4893-A045-EB6FE67EED17}.Debug|x64.ActiveCfg = Debug|x64
		{9795A154-784D-4893-A045-EB6FE67EED17}.Debug|x64.Build.0 = Debug|x64
		{9795A154-784D-4893-A045-EB6FE67EED17}.Debug|x86.ActiveCfg = Debug|Win32
		{9795A154-784D-4893-A045-EB6FE67EED17}.Debug|x86.Build.0 = Debug|Win32
		{9795A154-784D-4893-A045-EB6FE67EED17}.Release|x64.ActiveCfg = Release|x64
		{9795A154-784D-4893-A045-EB6FE67EED17}.Release|x64.Build.0 = Release|x64
		{9795A154-784D-4893-A045-EB6FE67EED17}.Release|x86.ActiveCfg = Release|Win32
		{9795A154-784D-4893-A045-EB6FE67EED17}.Release|x86.Build.0 = Release|Win32
	EndGlobalSection
	GlobalSection(SolutionProperties) = preSolution
		HideSolutionNode = FALSE
	EndGlobalSection
	GlobalSection(ExtensibilityGlobals) = postSolution
		SolutionGuid = {BF022F67-E097-4608-9F3C-E89BC8E577BB}
	EndGlobalSection
EndGlobal
